# This file is generated by running "yarn install" inside your project.
# Manual changes might be lost - proceed with caution!

__metadata:
  version: 8
  cacheKey: 10c0

"@emnapi/runtime@npm:^1.1.1":
  version: 1.2.0
  resolution: "@emnapi/runtime@npm:1.2.0"
  dependencies:
    tslib: "npm:^2.4.0"
  checksum: 10c0/7005ff8b67724c9e61b6cd79a3decbdb2ce25d24abd4d3d187472f200ee6e573329c30264335125fb136bd813aa9cf9f4f7c9391d04b07dd1e63ce0a3427be57
  languageName: node
  linkType: hard

"@img/sharp-darwin-arm64@npm:0.33.4":
  version: 0.33.4
  resolution: "@img/sharp-darwin-arm64@npm:0.33.4"
  dependencies:
    "@img/sharp-libvips-darwin-arm64": "npm:1.0.2"
  dependenciesMeta:
    "@img/sharp-libvips-darwin-arm64":
      optional: true
  conditions: os=darwin & cpu=arm64
  languageName: node
  linkType: hard

"@img/sharp-darwin-x64@npm:0.33.4":
  version: 0.33.4
  resolution: "@img/sharp-darwin-x64@npm:0.33.4"
  dependencies:
    "@img/sharp-libvips-darwin-x64": "npm:1.0.2"
  dependenciesMeta:
    "@img/sharp-libvips-darwin-x64":
      optional: true
  conditions: os=darwin & cpu=x64
  languageName: node
  linkType: hard

"@img/sharp-libvips-darwin-arm64@npm:1.0.2":
  version: 1.0.2
  resolution: "@img/sharp-libvips-darwin-arm64@npm:1.0.2"
  conditions: os=darwin & cpu=arm64
  languageName: node
  linkType: hard

"@img/sharp-libvips-darwin-x64@npm:1.0.2":
  version: 1.0.2
  resolution: "@img/sharp-libvips-darwin-x64@npm:1.0.2"
  conditions: os=darwin & cpu=x64
  languageName: node
  linkType: hard

"@img/sharp-libvips-linux-arm64@npm:1.0.2":
  version: 1.0.2
  resolution: "@img/sharp-libvips-linux-arm64@npm:1.0.2"
  conditions: os=linux & cpu=arm64 & libc=glibc
  languageName: node
  linkType: hard

"@img/sharp-libvips-linux-arm@npm:1.0.2":
  version: 1.0.2
  resolution: "@img/sharp-libvips-linux-arm@npm:1.0.2"
  conditions: os=linux & cpu=arm & libc=glibc
  languageName: node
  linkType: hard

"@img/sharp-libvips-linux-s390x@npm:1.0.2":
  version: 1.0.2
  resolution: "@img/sharp-libvips-linux-s390x@npm:1.0.2"
  conditions: os=linux & cpu=s390x & libc=glibc
  languageName: node
  linkType: hard

"@img/sharp-libvips-linux-x64@npm:1.0.2":
  version: 1.0.2
  resolution: "@img/sharp-libvips-linux-x64@npm:1.0.2"
  conditions: os=linux & cpu=x64 & libc=glibc
  languageName: node
  linkType: hard

"@img/sharp-libvips-linuxmusl-arm64@npm:1.0.2":
  version: 1.0.2
  resolution: "@img/sharp-libvips-linuxmusl-arm64@npm:1.0.2"
  conditions: os=linux & cpu=arm64 & libc=musl
  languageName: node
  linkType: hard

"@img/sharp-libvips-linuxmusl-x64@npm:1.0.2":
  version: 1.0.2
  resolution: "@img/sharp-libvips-linuxmusl-x64@npm:1.0.2"
  conditions: os=linux & cpu=x64 & libc=musl
  languageName: node
  linkType: hard

"@img/sharp-linux-arm64@npm:0.33.4":
  version: 0.33.4
  resolution: "@img/sharp-linux-arm64@npm:0.33.4"
  dependencies:
    "@img/sharp-libvips-linux-arm64": "npm:1.0.2"
  dependenciesMeta:
    "@img/sharp-libvips-linux-arm64":
      optional: true
  conditions: os=linux & cpu=arm64 & libc=glibc
  languageName: node
  linkType: hard

"@img/sharp-linux-arm@npm:0.33.4":
  version: 0.33.4
  resolution: "@img/sharp-linux-arm@npm:0.33.4"
  dependencies:
    "@img/sharp-libvips-linux-arm": "npm:1.0.2"
  dependenciesMeta:
    "@img/sharp-libvips-linux-arm":
      optional: true
  conditions: os=linux & cpu=arm & libc=glibc
  languageName: node
  linkType: hard

"@img/sharp-linux-s390x@npm:0.33.4":
  version: 0.33.4
  resolution: "@img/sharp-linux-s390x@npm:0.33.4"
  dependencies:
    "@img/sharp-libvips-linux-s390x": "npm:1.0.2"
  dependenciesMeta:
    "@img/sharp-libvips-linux-s390x":
      optional: true
  conditions: os=linux & cpu=s390x & libc=glibc
  languageName: node
  linkType: hard

"@img/sharp-linux-x64@npm:0.33.4":
  version: 0.33.4
  resolution: "@img/sharp-linux-x64@npm:0.33.4"
  dependencies:
    "@img/sharp-libvips-linux-x64": "npm:1.0.2"
  dependenciesMeta:
    "@img/sharp-libvips-linux-x64":
      optional: true
  conditions: os=linux & cpu=x64 & libc=glibc
  languageName: node
  linkType: hard

"@img/sharp-linuxmusl-arm64@npm:0.33.4":
  version: 0.33.4
  resolution: "@img/sharp-linuxmusl-arm64@npm:0.33.4"
  dependencies:
    "@img/sharp-libvips-linuxmusl-arm64": "npm:1.0.2"
  dependenciesMeta:
    "@img/sharp-libvips-linuxmusl-arm64":
      optional: true
  conditions: os=linux & cpu=arm64 & libc=musl
  languageName: node
  linkType: hard

"@img/sharp-linuxmusl-x64@npm:0.33.4":
  version: 0.33.4
  resolution: "@img/sharp-linuxmusl-x64@npm:0.33.4"
  dependencies:
    "@img/sharp-libvips-linuxmusl-x64": "npm:1.0.2"
  dependenciesMeta:
    "@img/sharp-libvips-linuxmusl-x64":
      optional: true
  conditions: os=linux & cpu=x64 & libc=musl
  languageName: node
  linkType: hard

"@img/sharp-wasm32@npm:0.33.4":
  version: 0.33.4
  resolution: "@img/sharp-wasm32@npm:0.33.4"
  dependencies:
    "@emnapi/runtime": "npm:^1.1.1"
  conditions: cpu=wasm32
  languageName: node
  linkType: hard

"@img/sharp-win32-ia32@npm:0.33.4":
  version: 0.33.4
  resolution: "@img/sharp-win32-ia32@npm:0.33.4"
  conditions: os=win32 & cpu=ia32
  languageName: node
  linkType: hard

"@img/sharp-win32-x64@npm:0.33.4":
  version: 0.33.4
  resolution: "@img/sharp-win32-x64@npm:0.33.4"
  conditions: os=win32 & cpu=x64
  languageName: node
  linkType: hard

"@next/env@npm:15.0.0-canary.49":
  version: 15.0.0-canary.49
  resolution: "@next/env@npm:15.0.0-canary.49"
  checksum: 10c0/4827b80328e87b99ad17cfb017439ac92d6876b98d4271a8d5240cc2d1a101a91084a74844963f695784653e10a71257d6fea5b166b7c54ec2d3c94a47cbf8cd
  languageName: node
  linkType: hard

"@next/swc-darwin-arm64@npm:15.0.0-canary.49":
  version: 15.0.0-canary.49
  resolution: "@next/swc-darwin-arm64@npm:15.0.0-canary.49"
  conditions: os=darwin & cpu=arm64
  languageName: node
  linkType: hard

"@next/swc-darwin-x64@npm:15.0.0-canary.49":
  version: 15.0.0-canary.49
  resolution: "@next/swc-darwin-x64@npm:15.0.0-canary.49"
  conditions: os=darwin & cpu=x64
  languageName: node
  linkType: hard

"@next/swc-linux-arm64-gnu@npm:15.0.0-canary.49":
  version: 15.0.0-canary.49
  resolution: "@next/swc-linux-arm64-gnu@npm:15.0.0-canary.49"
  conditions: os=linux & cpu=arm64 & libc=glibc
  languageName: node
  linkType: hard

"@next/swc-linux-arm64-musl@npm:15.0.0-canary.49":
  version: 15.0.0-canary.49
  resolution: "@next/swc-linux-arm64-musl@npm:15.0.0-canary.49"
  conditions: os=linux & cpu=arm64 & libc=musl
  languageName: node
  linkType: hard

"@next/swc-linux-x64-gnu@npm:15.0.0-canary.49":
  version: 15.0.0-canary.49
  resolution: "@next/swc-linux-x64-gnu@npm:15.0.0-canary.49"
  conditions: os=linux & cpu=x64 & libc=glibc
  languageName: node
  linkType: hard

"@next/swc-linux-x64-musl@npm:15.0.0-canary.49":
  version: 15.0.0-canary.49
  resolution: "@next/swc-linux-x64-musl@npm:15.0.0-canary.49"
  conditions: os=linux & cpu=x64 & libc=musl
  languageName: node
  linkType: hard

"@next/swc-win32-arm64-msvc@npm:15.0.0-canary.49":
  version: 15.0.0-canary.49
  resolution: "@next/swc-win32-arm64-msvc@npm:15.0.0-canary.49"
  conditions: os=win32 & cpu=arm64
  languageName: node
  linkType: hard

"@next/swc-win32-ia32-msvc@npm:15.0.0-canary.49":
  version: 15.0.0-canary.49
  resolution: "@next/swc-win32-ia32-msvc@npm:15.0.0-canary.49"
  conditions: os=win32 & cpu=ia32
  languageName: node
  linkType: hard

"@next/swc-win32-x64-msvc@npm:15.0.0-canary.49":
  version: 15.0.0-canary.49
  resolution: "@next/swc-win32-x64-msvc@npm:15.0.0-canary.49"
  conditions: os=win32 & cpu=x64
  languageName: node
  linkType: hard

"@swc/helpers@npm:0.5.11":
  version: 0.5.11
  resolution: "@swc/helpers@npm:0.5.11"
  dependencies:
    tslib: "npm:^2.4.0"
  checksum: 10c0/7d1987ee6b887277d373a9be8c445cd2259c3258c08b16908c06864121fd8eac8bb89b179c91b6c5395f38194a903b5772575947c7eb3ca23285152cb0f66caa
  languageName: node
  linkType: hard

"@types/node@npm:20.12.12":
  version: 20.12.12
  resolution: "@types/node@npm:20.12.12"
  dependencies:
    undici-types: "npm:~5.26.4"
  checksum: 10c0/f374b763c744e8f16e4f38cf6e2c0eef31781ec9228c9e43a6f267880fea420fab0a238b59f10a7cb3444e49547c5e3785787e371fc242307310995b21988812
  languageName: node
  linkType: hard

"@types/prop-types@npm:*":
  version: 15.7.12
  resolution: "@types/prop-types@npm:15.7.12"
  checksum: 10c0/1babcc7db6a1177779f8fde0ccc78d64d459906e6ef69a4ed4dd6339c920c2e05b074ee5a92120fe4e9d9f1a01c952f843ebd550bee2332fc2ef81d1706878f8
  languageName: node
  linkType: hard

"@types/react-dom@npm:18.3.0":
  version: 18.3.0
  resolution: "@types/react-dom@npm:18.3.0"
  dependencies:
    "@types/react": "npm:*"
  checksum: 10c0/6c90d2ed72c5a0e440d2c75d99287e4b5df3e7b011838cdc03ae5cd518ab52164d86990e73246b9d812eaf02ec351d74e3b4f5bd325bf341e13bf980392fd53b
  languageName: node
  linkType: hard

"@types/react@npm:*, @types/react@npm:18.3.3":
  version: 18.3.3
  resolution: "@types/react@npm:18.3.3"
  dependencies:
    "@types/prop-types": "npm:*"
    csstype: "npm:^3.0.2"
  checksum: 10c0/fe455f805c5da13b89964c3d68060cebd43e73ec15001a68b34634604a78140e6fc202f3f61679b9d809dde6d7a7c2cb3ed51e0fd1462557911db09879b55114
  languageName: node
  linkType: hard

"busboy@npm:1.6.0":
  version: 1.6.0
  resolution: "busboy@npm:1.6.0"
  dependencies:
    streamsearch: "npm:^1.1.0"
  checksum: 10c0/fa7e836a2b82699b6e074393428b91ae579d4f9e21f5ac468e1b459a244341d722d2d22d10920cdd849743dbece6dca11d72de939fb75a7448825cf2babfba1f
  languageName: node
  linkType: hard

"caniuse-lite@npm:^1.0.30001579":
  version: 1.0.30001639
  resolution: "caniuse-lite@npm:1.0.30001639"
  checksum: 10c0/3f56ce3d516a4fba959ad10ed6ecb15c6329233fc01f9f2714234a2ca91f408296d708a366ece510ca6566f71cb80d20d4c019441a1451ac1456e0128c8de78a
  languageName: node
  linkType: hard

"client-only@npm:0.0.1":
  version: 0.0.1
  resolution: "client-only@npm:0.0.1"
  checksum: 10c0/9d6cfd0c19e1c96a434605added99dff48482152af791ec4172fb912a71cff9027ff174efd8cdb2160cc7f377543e0537ffc462d4f279bc4701de3f2a3c4b358
  languageName: node
  linkType: hard

"color-convert@npm:^2.0.1":
  version: 2.0.1
  resolution: "color-convert@npm:2.0.1"
  dependencies:
    color-name: "npm:~1.1.4"
  checksum: 10c0/37e1150172f2e311fe1b2df62c6293a342ee7380da7b9cfdba67ea539909afbd74da27033208d01d6d5cfc65ee7868a22e18d7e7648e004425441c0f8a15a7d7
  languageName: node
  linkType: hard

"color-name@npm:^1.0.0, color-name@npm:~1.1.4":
  version: 1.1.4
  resolution: "color-name@npm:1.1.4"
  checksum: 10c0/a1a3f914156960902f46f7f56bc62effc6c94e84b2cae157a526b1c1f74b677a47ec602bf68a61abfa2b42d15b7c5651c6dbe72a43af720bc588dff885b10f95
  languageName: node
  linkType: hard

"color-string@npm:^1.9.0":
  version: 1.9.1
  resolution: "color-string@npm:1.9.1"
  dependencies:
    color-name: "npm:^1.0.0"
    simple-swizzle: "npm:^0.2.2"
  checksum: 10c0/b0bfd74c03b1f837f543898b512f5ea353f71630ccdd0d66f83028d1f0924a7d4272deb278b9aef376cacf1289b522ac3fb175e99895283645a2dc3a33af2404
  languageName: node
  linkType: hard

"color@npm:^4.2.3":
  version: 4.2.3
  resolution: "color@npm:4.2.3"
  dependencies:
    color-convert: "npm:^2.0.1"
    color-string: "npm:^1.9.0"
  checksum: 10c0/7fbe7cfb811054c808349de19fb380252e5e34e61d7d168ec3353e9e9aacb1802674bddc657682e4e9730c2786592a4de6f8283e7e0d3870b829bb0b7b2f6118
  languageName: node
  linkType: hard

"csstype@npm:^3.0.2":
  version: 3.1.3
  resolution: "csstype@npm:3.1.3"
  checksum: 10c0/80c089d6f7e0c5b2bd83cf0539ab41474198579584fa10d86d0cafe0642202343cbc119e076a0b1aece191989477081415d66c9fefbf3c957fc2fc4b7009f248
  languageName: node
  linkType: hard

"detect-libc@npm:^2.0.3":
  version: 2.0.3
  resolution: "detect-libc@npm:2.0.3"
  checksum: 10c0/88095bda8f90220c95f162bf92cad70bd0e424913e655c20578600e35b91edc261af27531cf160a331e185c0ced93944bc7e09939143225f56312d7fd800fdb7
  languageName: node
  linkType: hard

"graceful-fs@npm:^4.2.11":
  version: 4.2.11
  resolution: "graceful-fs@npm:4.2.11"
  checksum: 10c0/386d011a553e02bc594ac2ca0bd6d9e4c22d7fa8cfbfc448a6d148c59ea881b092db9dbe3547ae4b88e55f1b01f7c4a2ecc53b310c042793e63aa44cf6c257f2
  languageName: node
  linkType: hard

"is-arrayish@npm:^0.3.1":
  version: 0.3.2
  resolution: "is-arrayish@npm:0.3.2"
  checksum: 10c0/f59b43dc1d129edb6f0e282595e56477f98c40278a2acdc8b0a5c57097c9eff8fe55470493df5775478cf32a4dc8eaf6d3a749f07ceee5bc263a78b2434f6a54
  languageName: node
  linkType: hard

"nanoid@npm:^3.3.6":
  version: 3.3.7
  resolution: "nanoid@npm:3.3.7"
  bin:
    nanoid: bin/nanoid.cjs
  checksum: 10c0/e3fb661aa083454f40500473bb69eedb85dc160e763150b9a2c567c7e9ff560ce028a9f833123b618a6ea742e311138b591910e795614a629029e86e180660f3
  languageName: node
  linkType: hard

"next@npm:canary":
  version: 15.0.0-canary.49
  resolution: "next@npm:15.0.0-canary.49"
  dependencies:
    "@next/env": "npm:15.0.0-canary.49"
    "@next/swc-darwin-arm64": "npm:15.0.0-canary.49"
    "@next/swc-darwin-x64": "npm:15.0.0-canary.49"
    "@next/swc-linux-arm64-gnu": "npm:15.0.0-canary.49"
    "@next/swc-linux-arm64-musl": "npm:15.0.0-canary.49"
    "@next/swc-linux-x64-gnu": "npm:15.0.0-canary.49"
    "@next/swc-linux-x64-musl": "npm:15.0.0-canary.49"
    "@next/swc-win32-arm64-msvc": "npm:15.0.0-canary.49"
    "@next/swc-win32-ia32-msvc": "npm:15.0.0-canary.49"
    "@next/swc-win32-x64-msvc": "npm:15.0.0-canary.49"
    "@swc/helpers": "npm:0.5.11"
    busboy: "npm:1.6.0"
    caniuse-lite: "npm:^1.0.30001579"
    graceful-fs: "npm:^4.2.11"
    postcss: "npm:8.4.31"
    sharp: "npm:^0.33.4"
    styled-jsx: "npm:5.1.6"
  peerDependencies:
    "@opentelemetry/api": ^1.1.0
    "@playwright/test": ^1.41.2
    babel-plugin-react-compiler: "*"
    react: 19.0.0-rc.0
    react-dom: 19.0.0-rc.0
    sass: ^1.3.0
  dependenciesMeta:
    "@next/swc-darwin-arm64":
      optional: true
    "@next/swc-darwin-x64":
      optional: true
    "@next/swc-linux-arm64-gnu":
      optional: true
    "@next/swc-linux-arm64-musl":
      optional: true
    "@next/swc-linux-x64-gnu":
      optional: true
    "@next/swc-linux-x64-musl":
      optional: true
    "@next/swc-win32-arm64-msvc":
      optional: true
    "@next/swc-win32-ia32-msvc":
      optional: true
    "@next/swc-win32-x64-msvc":
      optional: true
    sharp:
      optional: true
  peerDependenciesMeta:
    "@opentelemetry/api":
      optional: true
    "@playwright/test":
      optional: true
    babel-plugin-react-compiler:
      optional: true
    sass:
      optional: true
  bin:
    next: dist/bin/next
  checksum: 10c0/d20b927446aefe9bcafd1eb7f79dfdc2375a9caa6be70b09f01bb8f5267fc4c290c05271d02962f09637f11197c05b4ce883edebc25fb75a69057ff02de9c20c
  languageName: node
  linkType: hard

"picocolors@npm:^1.0.0":
  version: 1.0.1
  resolution: "picocolors@npm:1.0.1"
  checksum: 10c0/c63cdad2bf812ef0d66c8db29583802355d4ca67b9285d846f390cc15c2f6ccb94e8cb7eb6a6e97fc5990a6d3ad4ae42d86c84d3146e667c739a4234ed50d400
  languageName: node
  linkType: hard

"postcss@npm:8.4.31":
  version: 8.4.31
  resolution: "postcss@npm:8.4.31"
  dependencies:
    nanoid: "npm:^3.3.6"
    picocolors: "npm:^1.0.0"
    source-map-js: "npm:^1.0.2"
  checksum: 10c0/748b82e6e5fc34034dcf2ae88ea3d11fd09f69b6c50ecdd3b4a875cfc7cdca435c958b211e2cb52355422ab6fccb7d8f2f2923161d7a1b281029e4a913d59acf
  languageName: node
  linkType: hard

"react-dom@npm:19.0.0-rc-6f23540c7d-20240528":
  version: 19.0.0-rc-6f23540c7d-20240528
  resolution: "react-dom@npm:19.0.0-rc-6f23540c7d-20240528"
  dependencies:
    scheduler: "npm:0.25.0-rc-6f23540c7d-20240528"
  peerDependencies:
    react: 19.0.0-rc-6f23540c7d-20240528
  checksum: 10c0/fd051a7ea5d7d54f0634f36904bf423343743a92afa0bf269b932cb75bd65bcea914acf123497504ddc5444a243f0118b408ac83db616e625023ebfce87321e2
  languageName: node
  linkType: hard

"react@npm:19.0.0-rc-6f23540c7d-20240528":
  version: 19.0.0-rc-6f23540c7d-20240528
  resolution: "react@npm:19.0.0-rc-6f23540c7d-20240528"
  checksum: 10c0/38c730935bd46d3262c79e49fc2dc060fdebe996ed86fd554a4aa51a3684549084bf2de3040ce011a606cc9f77d768ef238cadf47328501353b7e6166df56a85
  languageName: node
  linkType: hard

"root-workspace-0b6124@workspace:.":
  version: 0.0.0-use.local
  resolution: "root-workspace-0b6124@workspace:."
  dependencies:
    "@types/node": "npm:20.12.12"
    "@types/react": "npm:18.3.3"
    "@types/react-dom": "npm:18.3.0"
    next: "npm:canary"
    react: "npm:19.0.0-rc-6f23540c7d-20240528"
    react-dom: "npm:19.0.0-rc-6f23540c7d-20240528"
    typescript: "npm:5.3.3"
  languageName: unknown
  linkType: soft

"scheduler@npm:0.25.0-rc-6f23540c7d-20240528":
  version: 0.25.0-rc-6f23540c7d-20240528
  resolution: "scheduler@npm:0.25.0-rc-6f23540c7d-20240528"
  checksum: 10c0/b66cfbcf36ac3887b21a78a0f84426e475df1698e83371cb4ab207a05ec749576c8dc9f00a711f59b60c9e54d2ae8272d6b8649d436c3995a595199b42c75186
  languageName: node
  linkType: hard

"semver@npm:^7.6.0":
  version: 7.6.2
  resolution: "semver@npm:7.6.2"
  bin:
    semver: bin/semver.js
  checksum: 10c0/97d3441e97ace8be4b1976433d1c32658f6afaff09f143e52c593bae7eef33de19e3e369c88bd985ce1042c6f441c80c6803078d1de2a9988080b66684cbb30c
  languageName: node
  linkType: hard

"sharp@npm:^0.33.4":
  version: 0.33.4
  resolution: "sharp@npm:0.33.4"
  dependencies:
    "@img/sharp-darwin-arm64": "npm:0.33.4"
    "@img/sharp-darwin-x64": "npm:0.33.4"
    "@img/sharp-libvips-darwin-arm64": "npm:1.0.2"
    "@img/sharp-libvips-darwin-x64": "npm:1.0.2"
    "@img/sharp-libvips-linux-arm": "npm:1.0.2"
    "@img/sharp-libvips-linux-arm64": "npm:1.0.2"
    "@img/sharp-libvips-linux-s390x": "npm:1.0.2"
    "@img/sharp-libvips-linux-x64": "npm:1.0.2"
    "@img/sharp-libvips-linuxmusl-arm64": "npm:1.0.2"
    "@img/sharp-libvips-linuxmusl-x64": "npm:1.0.2"
    "@img/sharp-linux-arm": "npm:0.33.4"
    "@img/sharp-linux-arm64": "npm:0.33.4"
    "@img/sharp-linux-s390x": "npm:0.33.4"
    "@img/sharp-linux-x64": "npm:0.33.4"
    "@img/sharp-linuxmusl-arm64": "npm:0.33.4"
    "@img/sharp-linuxmusl-x64": "npm:0.33.4"
    "@img/sharp-wasm32": "npm:0.33.4"
    "@img/sharp-win32-ia32": "npm:0.33.4"
    "@img/sharp-win32-x64": "npm:0.33.4"
    color: "npm:^4.2.3"
    detect-libc: "npm:^2.0.3"
    semver: "npm:^7.6.0"
  dependenciesMeta:
    "@img/sharp-darwin-arm64":
      optional: true
    "@img/sharp-darwin-x64":
      optional: true
    "@img/sharp-libvips-darwin-arm64":
      optional: true
    "@img/sharp-libvips-darwin-x64":
      optional: true
    "@img/sharp-libvips-linux-arm":
      optional: true
    "@img/sharp-libvips-linux-arm64":
      optional: true
    "@img/sharp-libvips-linux-s390x":
      optional: true
    "@img/sharp-libvips-linux-x64":
      optional: true
    "@img/sharp-libvips-linuxmusl-arm64":
      optional: true
    "@img/sharp-libvips-linuxmusl-x64":
      optional: true
    "@img/sharp-linux-arm":
      optional: true
    "@img/sharp-linux-arm64":
      optional: true
    "@img/sharp-linux-s390x":
      optional: true
    "@img/sharp-linux-x64":
      optional: true
    "@img/sharp-linuxmusl-arm64":
      optional: true
    "@img/sharp-linuxmusl-x64":
      optional: true
    "@img/sharp-wasm32":
      optional: true
    "@img/sharp-win32-ia32":
      optional: true
    "@img/sharp-win32-x64":
      optional: true
  checksum: 10c0/428c5c6a84ff8968effe50c2de931002f5f30b9f263e1c026d0384e581673c13088a49322f7748114d3d9be4ae9476a74bf003a3af34743e97ef2f880d1cfe45
  languageName: node
  linkType: hard

"simple-swizzle@npm:^0.2.2":
  version: 0.2.2
  resolution: "simple-swizzle@npm:0.2.2"
  dependencies:
    is-arrayish: "npm:^0.3.1"
  checksum: 10c0/df5e4662a8c750bdba69af4e8263c5d96fe4cd0f9fe4bdfa3cbdeb45d2e869dff640beaaeb1ef0e99db4d8d2ec92f85508c269f50c972174851bc1ae5bd64308
  languageName: node
  linkType: hard

"source-map-js@npm:^1.0.2":
  version: 1.2.0
  resolution: "source-map-js@npm:1.2.0"
  checksum: 10c0/7e5f896ac10a3a50fe2898e5009c58ff0dc102dcb056ed27a354623a0ece8954d4b2649e1a1b2b52ef2e161d26f8859c7710350930751640e71e374fe2d321a4
  languageName: node
  linkType: hard

"streamsearch@npm:^1.1.0":
  version: 1.1.0
  resolution: "streamsearch@npm:1.1.0"
  checksum: 10c0/fbd9aecc2621364384d157f7e59426f4bfd385e8b424b5aaa79c83a6f5a1c8fd2e4e3289e95de1eb3511cb96bb333d6281a9919fafce760e4edb35b2cd2facab
  languageName: node
  linkType: hard

"styled-jsx@npm:5.1.6":
  version: 5.1.6
  resolution: "styled-jsx@npm:5.1.6"
  dependencies:
    client-only: "npm:0.0.1"
  peerDependencies:
    react: ">= 16.8.0 || 17.x.x || ^18.0.0-0 || ^19.0.0-0"
  peerDependenciesMeta:
    "@babel/core":
      optional: true
    babel-plugin-macros:
      optional: true
  checksum: 10c0/ace50e7ea5ae5ae6a3b65a50994c51fca6ae7df9c7ecfd0104c36be0b4b3a9c5c1a2374d16e2a11e256d0b20be6d47256d768ecb4f91ab390f60752a075780f5
  languageName: node
  linkType: hard

"tslib@npm:^2.4.0":
  version: 2.6.3
  resolution: "tslib@npm:2.6.3"
  checksum: 10c0/2598aef53d9dbe711af75522464b2104724d6467b26a60f2bdac8297d2b5f1f6b86a71f61717384aa8fd897240467aaa7bcc36a0700a0faf751293d1331db39a
  languageName: node
  linkType: hard

"typescript@npm:5.3.3":
  version: 5.3.3
  resolution: "typescript@npm:5.3.3"
  bin:
    tsc: bin/tsc
    tsserver: bin/tsserver
  checksum: 10c0/e33cef99d82573624fc0f854a2980322714986bc35b9cb4d1ce736ed182aeab78e2cb32b385efa493b2a976ef52c53e20d6c6918312353a91850e2b76f1ea44f
  languageName: node
  linkType: hard

"typescript@patch:typescript@npm%3A5.3.3#optional!builtin<compat/typescript>":
  version: 5.3.3
  resolution: "typescript@patch:typescript@npm%3A5.3.3#optional!builtin<compat/typescript>::version=5.3.3&hash=e012d7"
  bin:
    tsc: bin/tsc
    tsserver: bin/tsserver
  checksum: 10c0/1d0a5f4ce496c42caa9a30e659c467c5686eae15d54b027ee7866744952547f1be1262f2d40de911618c242b510029d51d43ff605dba8fb740ec85ca2d3f9500
  languageName: node
  linkType: hard

"undici-types@npm:~5.26.4":
  version: 5.26.5
  resolution: "undici-types@npm:5.26.5"
  checksum: 10c0/bb673d7876c2d411b6eb6c560e0c571eef4a01c1c19925175d16e3a30c4c428181fb8d7ae802a261f283e4166a0ac435e2f505743aa9e45d893f9a3df017b501
  languageName: node
  linkType: hard
